{
  "originHash" : "bb32a27fefc73097f7b7fe37800c47ebaec05cf3bb1495d9d4972c8d9da4bf9f",
  "pins" : [
    {
      "identity" : "ffmpeg-libav-spm",
      "kind" : "remoteSourceControl",
      "location" : "https://github.com/tylerjonesio/ffmpeg-libav-spm",
      "state" : {
        "branch" : "min.v7.1.1.2",
        "revision" : "518f12ffc9dd8dea915f6384f16d745829557c82"
      }
    }
  ],
  "version" : 3
}
